
Microsoft Visual Studio Solution File, Format Version 12.00
# Visual Studio Version 17
VisualStudioVersion = 17.3.32901.215
MinimumVisualStudioVersion = 10.0.40219.1
Project("{8BC9CEB8-8B4A-11D0-8D11-00A0C91BC942}") = "OpenGL-Learning", "OpenGL-Learning\OpenGL-Learning.vcxproj", "{14E703E8-5369-47D9-A70E-9AEB71B5F790}"
EndProject
Project("{8BC9CEB8-8B4A-11D0-8D11-00A0C91BC942}") = "OpenGL-Abstraction", "OpenGL-Abstraction\OpenGL-Abstraction.vcxproj", "{B3ABCB67-E2C4-4877-9E58-D0C374DFC249}"
EndProject
Global
	GlobalSection(SolutionConfigurationPlatforms) = preSolution
		Debug|x64 = Debug|x64
		Debug|x86 = Debug|x86
		Release|x64 = Release|x64
		Release|x86 = Release|x86
	EndGlobalSection
	GlobalSection(ProjectConfigurationPlatforms) = postSolution
		{14E703E8-5369-47D9-A70E-9AEB71B5F790}.Debug|x64.ActiveCfg = Debug|x64
		{14E703E8-5369-47D9-A70E-9AEB71B5F790}.Debug|x64.Build.0 = Debug|x64
		{14E703E8-5369-47D9-A70E-9AEB71B5F790}.Debug|x86.ActiveCfg = Debug|Win32
		{14E703E8-5369-47D9-A70E-9AEB71B5F790}.Debug|x86.Build.0 = Debug|Win32
		{14E703E8-5369-47D9-A70E-9AEB71B5F790}.Release|x64.ActiveCfg = Release|x64
		{14E703E8-5369-47D9-A70E-9AEB71B5F790}.Release|x64.Build.0 = Release|x64
		{14E703E8-5369-47D9-A70E-9AEB71B5F790}.Release|x86.ActiveCfg = Release|Win32
		{14E703E8-5369-47D9-A70E-9AEB71B5F790}.Release|x86.Build.0 = Release|Win32
		{B3ABCB67-E2C4-4877-9E58-D0C374DFC249}.Debug|x64.ActiveCfg = Debug|x64
		{B3ABCB67-E2C4-4877-9E58-D0C374DFC249}.Debug|x64.Build.0 = Debug|x64
		{B3ABCB67-E2C4-4877-9E58-D0C374DFC249}.Debug|x86.ActiveCfg = Debug|Win32
		{B3ABCB67-E2C4-4877-9E58-D0C374DFC249}.Debug|x86.Build.0 = Debug|Win32
		{B3ABCB67-E2C4-4877-9E58-D0C374DFC249}.Release|x64.ActiveCfg = Release|x64
		{B3ABCB67-E2C4-4877-9E58-D0C374DFC249}.Release|x64.Build.0 = Release|x64
		{B3ABCB67-E2C4-4877-9E58-D0C374DFC249}.Release|x86.ActiveCfg = Release|Win32
		{B3ABCB67-E2C4-4877-9E58-D0C374DFC249}.Release|x86.Build.0 = Release|Win32
	EndGlobalSection
	GlobalSection(SolutionProperties) = preSolution
		HideSolutionNode = FALSE
	EndGlobalSection
	GlobalSection(ExtensibilityGlobals) = postSolution
		SolutionGuid = {6AC593E8-9989-45E9-AB4C-66135AE424AF}
	EndGlobalSection
EndGlobal
